
Microsoft Visual Studio Solution File, Format Version 12.00
# Visual Studio 14
VisualStudioVersion = 14.0.25420.1
MinimumVisualStudioVersion = 10.0.40219.1
Project("{2150E333-8FDC-42A3-9474-1A3956D46DE8}") = "Infrastructure", "Infrastructure", "{BC2AD297-9E7A-4142-B832-B8724C735756}"
EndProject
Project("{FAE04EC0-301F-11D3-BF4B-00C04F79EFBC}") = "Hepsiburada.Zipkin", "Infrastructure\Hepsiburada.Zipkin\Hepsiburada.Zipkin.csproj", "{E814050E-A6A1-4F2D-B4AB-D852E48F9BDC}"
EndProject
Project("{2150E333-8FDC-42A3-9474-1A3956D46DE8}") = "Sample", "Sample", "{81DA9371-C075-4660-8EE7-6A156624EEA4}"
EndProject
Project("{FAE04EC0-301F-11D3-BF4B-00C04F79EFBC}") = "Sample.Api1", "Sample.Api1\Sample.Api1.csproj", "{24798014-ACB8-4337-A0E3-039B986D20FB}"
EndProject
Project("{FAE04EC0-301F-11D3-BF4B-00C04F79EFBC}") = "Sample.Api.Core", "Sample.Api.Core\Sample.Api.Core.csproj", "{AA348121-6F9D-498E-87B2-93E123CE095E}"
EndProject
Project("{FAE04EC0-301F-11D3-BF4B-00C04F79EFBC}") = "Sample.Api2", "Sample.Api2\Sample.Api2.csproj", "{AE19272E-6209-4570-B020-6B6B7AE8404D}"
EndProject
Global
	GlobalSection(SolutionConfigurationPlatforms) = preSolution
		Debug|Any CPU = Debug|Any CPU
		Release|Any CPU = Release|Any CPU
	EndGlobalSection
	GlobalSection(ProjectConfigurationPlatforms) = postSolution
		{E814050E-A6A1-4F2D-B4AB-D852E48F9BDC}.Debug|Any CPU.ActiveCfg = Debug|Any CPU
		{E814050E-A6A1-4F2D-B4AB-D852E48F9BDC}.Debug|Any CPU.Build.0 = Debug|Any CPU
		{E814050E-A6A1-4F2D-B4AB-D852E48F9BDC}.Release|Any CPU.ActiveCfg = Release|Any CPU
		{E814050E-A6A1-4F2D-B4AB-D852E48F9BDC}.Release|Any CPU.Build.0 = Release|Any CPU
		{24798014-ACB8-4337-A0E3-039B986D20FB}.Debug|Any CPU.ActiveCfg = Debug|Any CPU
		{24798014-ACB8-4337-A0E3-039B986D20FB}.Debug|Any CPU.Build.0 = Debug|Any CPU
		{24798014-ACB8-4337-A0E3-039B986D20FB}.Release|Any CPU.ActiveCfg = Release|Any CPU
		{24798014-ACB8-4337-A0E3-039B986D20FB}.Release|Any CPU.Build.0 = Release|Any CPU
		{AA348121-6F9D-498E-87B2-93E123CE095E}.Debug|Any CPU.ActiveCfg = Debug|Any CPU
		{AA348121-6F9D-498E-87B2-93E123CE095E}.Debug|Any CPU.Build.0 = Debug|Any CPU
		{AA348121-6F9D-498E-87B2-93E123CE095E}.Release|Any CPU.ActiveCfg = Release|Any CPU
		{AA348121-6F9D-498E-87B2-93E123CE095E}.Release|Any CPU.Build.0 = Release|Any CPU
		{AE19272E-6209-4570-B020-6B6B7AE8404D}.Debug|Any CPU.ActiveCfg = Debug|Any CPU
		{AE19272E-6209-4570-B020-6B6B7AE8404D}.Debug|Any CPU.Build.0 = Debug|Any CPU
		{AE19272E-6209-4570-B020-6B6B7AE8404D}.Release|Any CPU.ActiveCfg = Release|Any CPU
		{AE19272E-6209-4570-B020-6B6B7AE8404D}.Release|Any CPU.Build.0 = Release|Any CPU
	EndGlobalSection
	GlobalSection(SolutionProperties) = preSolution
		HideSolutionNode = FALSE
	EndGlobalSection
	GlobalSection(NestedProjects) = preSolution
		{E814050E-A6A1-4F2D-B4AB-D852E48F9BDC} = {BC2AD297-9E7A-4142-B832-B8724C735756}
		{24798014-ACB8-4337-A0E3-039B986D20FB} = {81DA9371-C075-4660-8EE7-6A156624EEA4}
		{AA348121-6F9D-498E-87B2-93E123CE095E} = {81DA9371-C075-4660-8EE7-6A156624EEA4}
		{AE19272E-6209-4570-B020-6B6B7AE8404D} = {81DA9371-C075-4660-8EE7-6A156624EEA4}
	EndGlobalSection
EndGlobal
